// !$*UTF8*$!
{
	archiveVersion = 1;
	classes = {
	};
	objectVersion = 56;
	objects = {

/* Begin PBXBuildFile section */
		83B4BFAC2C65DF7A00AAFFC7 /* NoteApp.swift in Sources */ = {isa = PBXBuildFile; fileRef = 83B4BFAB2C65DF7A00AAFFC7 /* NoteApp.swift */; };
		83B4BFB02C65DF7C00AAFFC7 /* Assets.xcassets in Resources */ = {isa = PBXBuildFile; fileRef = 83B4BFAF2C65DF7C00AAFFC7 /* Assets.xcassets */; };
		83B4BFB32C65DF7C00AAFFC7 /* Preview Assets.xcassets in Resources */ = {isa = PBXBuildFile; fileRef = 83B4BFB22C65DF7C00AAFFC7 /* Preview Assets.xcassets */; };
		83B4BFBD2C65DF7C00AAFFC7 /* NoteTests.swift in Sources */ = {isa = PBXBuildFile; fileRef = 83B4BFBC2C65DF7C00AAFFC7 /* NoteTests.swift */; };
		83B4BFC72C65DF7C00AAFFC7 /* NoteUITests.swift in Sources */ = {isa = PBXBuildFile; fileRef = 83B4BFC62C65DF7C00AAFFC7 /* NoteUITests.swift */; };
		83B4BFC92C65DF7C00AAFFC7 /* NoteUITestsLaunchTests.swift in Sources */ = {isa = PBXBuildFile; fileRef = 83B4BFC82C65DF7C00AAFFC7 /* NoteUITestsLaunchTests.swift */; };
		83B4BFDB2C65DFB400AAFFC7 /* AuthViewModel.swift in Sources */ = {isa = PBXBuildFile; fileRef = 83B4BFD52C65DFB400AAFFC7 /* AuthViewModel.swift */; };
		83B4BFDC2C65DFB400AAFFC7 /* ButtonView.swift in Sources */ = {isa = PBXBuildFile; fileRef = 83B4BFD62C65DFB400AAFFC7 /* ButtonView.swift */; };
		83B4BFDD2C65DFB400AAFFC7 /* ForgotPasswordView.swift in Sources */ = {isa = PBXBuildFile; fileRef = 83B4BFD72C65DFB400AAFFC7 /* ForgotPasswordView.swift */; };
		83B4BFDE2C65DFB400AAFFC7 /* HolderView.swift in Sources */ = {isa = PBXBuildFile; fileRef = 83B4BFD82C65DFB400AAFFC7 /* HolderView.swift */; };
		83B4BFDF2C65DFB400AAFFC7 /* SignUpView.swift in Sources */ = {isa = PBXBuildFile; fileRef = 83B4BFD92C65DFB400AAFFC7 /* SignUpView.swift */; };
		83B4BFE62C65E03B00AAFFC7 /* EditView.swift in Sources */ = {isa = PBXBuildFile; fileRef = 83B4BFE02C65E03B00AAFFC7 /* EditView.swift */; };
		83B4BFE72C65E03B00AAFFC7 /* Note.swift in Sources */ = {isa = PBXBuildFile; fileRef = 83B4BFE12C65E03B00AAFFC7 /* Note.swift */; };
		83B4BFE82C65E03B00AAFFC7 /* NoteViewModel.swift in Sources */ = {isa = PBXBuildFile; fileRef = 83B4BFE22C65E03B00AAFFC7 /* NoteViewModel.swift */; };
		83B4BFE92C65E03B00AAFFC7 /* FormView.swift in Sources */ = {isa = PBXBuildFile; fileRef = 83B4BFE32C65E03B00AAFFC7 /* FormView.swift */; };
		83B4BFEA2C65E03B00AAFFC7 /* DetailView.swift in Sources */ = {isa = PBXBuildFile; fileRef = 83B4BFE42C65E03B00AAFFC7 /* DetailView.swift */; };
		83B4BFEB2C65E03B00AAFFC7 /* ContentView.swift in Sources */ = {isa = PBXBuildFile; fileRef = 83B4BFE52C65E03B00AAFFC7 /* ContentView.swift */; };
		83B4BFED2C65E12100AAFFC7 /* GoogleService-Info.plist in Resources */ = {isa = PBXBuildFile; fileRef = 83B4BFEC2C65E12100AAFFC7 /* GoogleService-Info.plist */; };
		83B4BFF02C65E17900AAFFC7 /* FirebaseAuth in Frameworks */ = {isa = PBXBuildFile; productRef = 83B4BFEF2C65E17900AAFFC7 /* FirebaseAuth */; };
		83B4BFF22C65E17900AAFFC7 /* FirebaseFirestore in Frameworks */ = {isa = PBXBuildFile; productRef = 83B4BFF12C65E17900AAFFC7 /* FirebaseFirestore */; };
		83B4BFF42C65E17900AAFFC7 /* FirebaseStorage in Frameworks */ = {isa = PBXBuildFile; productRef = 83B4BFF32C65E17900AAFFC7 /* FirebaseStorage */; };
/* End PBXBuildFile section */

/* Begin PBXContainerItemProxy section */
		83B4BFB92C65DF7C00AAFFC7 /* PBXContainerItemProxy */ = {
			isa = PBXContainerItemProxy;
			containerPortal = 83B4BFA02C65DF7A00AAFFC7 /* Project object */;
			proxyType = 1;
			remoteGlobalIDString = 83B4BFA72C65DF7A00AAFFC7;
			remoteInfo = Note;
		};
		83B4BFC32C65DF7C00AAFFC7 /* PBXContainerItemProxy */ = {
			isa = PBXContainerItemProxy;
			containerPortal = 83B4BFA02C65DF7A00AAFFC7 /* Project object */;
			proxyType = 1;
			remoteGlobalIDString = 83B4BFA72C65DF7A00AAFFC7;
			remoteInfo = Note;
		};
/* End PBXContainerItemProxy section */

/* Begin PBXFileReference section */
		83B4BFA82C65DF7A00AAFFC7 /* Note.app */ = {isa = PBXFileReference; explicitFileType = wrapper.application; includeInIndex = 0; path = Note.app; sourceTree = BUILT_PRODUCTS_DIR; };
		83B4BFAB2C65DF7A00AAFFC7 /* NoteApp.swift */ = {isa = PBXFileReference; lastKnownFileType = sourcecode.swift; path = NoteApp.swift; sourceTree = "<group>"; };
		83B4BFAF2C65DF7C00AAFFC7 /* Assets.xcassets */ = {isa = PBXFileReference; lastKnownFileType = folder.assetcatalog; path = Assets.xcassets; sourceTree = "<group>"; };
		83B4BFB22C65DF7C00AAFFC7 /* Preview Assets.xcassets */ = {isa = PBXFileReference; lastKnownFileType = folder.assetcatalog; path = "Preview Assets.xcassets"; sourceTree = "<group>"; };
		83B4BFB82C65DF7C00AAFFC7 /* NoteTests.xctest */ = {isa = PBXFileReference; explicitFileType = wrapper.cfbundle; includeInIndex = 0; path = NoteTests.xctest; sourceTree = BUILT_PRODUCTS_DIR; };
		83B4BFBC2C65DF7C00AAFFC7 /* NoteTests.swift */ = {isa = PBXFileReference; lastKnownFileType = sourcecode.swift; path = NoteTests.swift; sourceTree = "<group>"; };
		83B4BFC22C65DF7C00AAFFC7 /* NoteUITests.xctest */ = {isa = PBXFileReference; explicitFileType = wrapper.cfbundle; includeInIndex = 0; path = NoteUITests.xctest; sourceTree = BUILT_PRODUCTS_DIR; };
		83B4BFC62C65DF7C00AAFFC7 /* NoteUITests.swift */ = {isa = PBXFileReference; lastKnownFileType = sourcecode.swift; path = NoteUITests.swift; sourceTree = "<group>"; };
		83B4BFC82C65DF7C00AAFFC7 /* NoteUITestsLaunchTests.swift */ = {isa = PBXFileReference; lastKnownFileType = sourcecode.swift; path = NoteUITestsLaunchTests.swift; sourceTree = "<group>"; };
		83B4BFD52C65DFB400AAFFC7 /* AuthViewModel.swift */ = {isa = PBXFileReference; fileEncoding = 4; lastKnownFileType = sourcecode.swift; path = AuthViewModel.swift; sourceTree = "<group>"; };
		83B4BFD62C65DFB400AAFFC7 /* ButtonView.swift */ = {isa = PBXFileReference; fileEncoding = 4; lastKnownFileType = sourcecode.swift; path = ButtonView.swift; sourceTree = "<group>"; };
		83B4BFD72C65DFB400AAFFC7 /* ForgotPasswordView.swift */ = {isa = PBXFileReference; fileEncoding = 4; lastKnownFileType = sourcecode.swift; path = ForgotPasswordView.swift; sourceTree = "<group>"; };
		83B4BFD82C65DFB400AAFFC7 /* HolderView.swift */ = {isa = PBXFileReference; fileEncoding = 4; lastKnownFileType = sourcecode.swift; path = HolderView.swift; sourceTree = "<group>"; };
		83B4BFD92C65DFB400AAFFC7 /* SignUpView.swift */ = {isa = PBXFileReference; fileEncoding = 4; lastKnownFileType = sourcecode.swift; path = SignUpView.swift; sourceTree = "<group>"; };
		83B4BFE02C65E03B00AAFFC7 /* EditView.swift */ = {isa = PBXFileReference; fileEncoding = 4; lastKnownFileType = sourcecode.swift; path = EditView.swift; sourceTree = "<group>"; };
		83B4BFE12C65E03B00AAFFC7 /* Note.swift */ = {isa = PBXFileReference; fileEncoding = 4; lastKnownFileType = sourcecode.swift; path = Note.swift; sourceTree = "<group>"; };
		83B4BFE22C65E03B00AAFFC7 /* NoteViewModel.swift */ = {isa = PBXFileReference; fileEncoding = 4; lastKnownFileType = sourcecode.swift; path = NoteViewModel.swift; sourceTree = "<group>"; };
		83B4BFE32C65E03B00AAFFC7 /* FormView.swift */ = {isa = PBXFileReference; fileEncoding = 4; lastKnownFileType = sourcecode.swift; path = FormView.swift; sourceTree = "<group>"; };
		83B4BFE42C65E03B00AAFFC7 /* DetailView.swift */ = {isa = PBXFileReference; fileEncoding = 4; lastKnownFileType = sourcecode.swift; path = DetailView.swift; sourceTree = "<group>"; };
		83B4BFE52C65E03B00AAFFC7 /* ContentView.swift */ = {isa = PBXFileReference; fileEncoding = 4; lastKnownFileType = sourcecode.swift; path = ContentView.swift; sourceTree = "<group>"; };
		83B4BFEC2C65E12100AAFFC7 /* GoogleService-Info.plist */ = {isa = PBXFileReference; fileEncoding = 4; lastKnownFileType = text.plist.xml; path = "GoogleService-Info.plist"; sourceTree = "<group>"; };
		83B4BFF62C65ED9D00AAFFC7 /* Info.plist */ = {isa = PBXFileReference; lastKnownFileType = text.plist; path = Info.plist; sourceTree = "<group>"; };
/* End PBXFileReference section */

/* Begin PBXFrameworksBuildPhase section */
		83B4BFA52C65DF7A00AAFFC7 /* Frameworks */ = {
			isa = PBXFrameworksBuildPhase;
			buildActionMask = 2147483647;
			files = (
				83B4BFF02C65E17900AAFFC7 /* FirebaseAuth in Frameworks */,
				83B4BFF22C65E17900AAFFC7 /* FirebaseFirestore in Frameworks */,
				83B4BFF42C65E17900AAFFC7 /* FirebaseStorage in Frameworks */,
			);
			runOnlyForDeploymentPostprocessing = 0;
		};
		83B4BFB52C65DF7C00AAFFC7 /* Frameworks */ = {
			isa = PBXFrameworksBuildPhase;
			buildActionMask = 2147483647;
			files = (
			);
			runOnlyForDeploymentPostprocessing = 0;
		};
		83B4BFBF2C65DF7C00AAFFC7 /* Frameworks */ = {
			isa = PBXFrameworksBuildPhase;
			buildActionMask = 2147483647;
			files = (
			);
			runOnlyForDeploymentPostprocessing = 0;
		};
/* End PBXFrameworksBuildPhase section */

/* Begin PBXGroup section */
		83B4BF9F2C65DF7A00AAFFC7 = {
			isa = PBXGroup;
			children = (
				83B4BFAA2C65DF7A00AAFFC7 /* Note */,
				83B4BFBB2C65DF7C00AAFFC7 /* NoteTests */,
				83B4BFC52C65DF7C00AAFFC7 /* NoteUITests */,
				83B4BFA92C65DF7A00AAFFC7 /* Products */,
			);
			sourceTree = "<group>";
		};
		83B4BFA92C65DF7A00AAFFC7 /* Products */ = {
			isa = PBXGroup;
			children = (
				83B4BFA82C65DF7A00AAFFC7 /* Note.app */,
				83B4BFB82C65DF7C00AAFFC7 /* NoteTests.xctest */,
				83B4BFC22C65DF7C00AAFFC7 /* NoteUITests.xctest */,
			);
			name = Products;
			sourceTree = "<group>";
		};
		83B4BFAA2C65DF7A00AAFFC7 /* Note */ = {
			isa = PBXGroup;
			children = (
				83B4BFF62C65ED9D00AAFFC7 /* Info.plist */,
				83B4BFAB2C65DF7A00AAFFC7 /* NoteApp.swift */,
				83B4BFE52C65E03B00AAFFC7 /* ContentView.swift */,
				83B4BFF52C65E2FB00AAFFC7 /* NoteView */,
				83B4BFDA2C65DFB400AAFFC7 /* SignIn */,
				83B4BFAF2C65DF7C00AAFFC7 /* Assets.xcassets */,
				83B4BFB12C65DF7C00AAFFC7 /* Preview Content */,
			);
			path = Note;
			sourceTree = "<group>";
		};
		83B4BFB12C65DF7C00AAFFC7 /* Preview Content */ = {
			isa = PBXGroup;
			children = (
				83B4BFB22C65DF7C00AAFFC7 /* Preview Assets.xcassets */,
			);
			path = "Preview Content";
			sourceTree = "<group>";
		};
		83B4BFBB2C65DF7C00AAFFC7 /* NoteTests */ = {
			isa = PBXGroup;
			children = (
				83B4BFBC2C65DF7C00AAFFC7 /* NoteTests.swift */,
			);
			path = NoteTests;
			sourceTree = "<group>";
		};
		83B4BFC52C65DF7C00AAFFC7 /* NoteUITests */ = {
			isa = PBXGroup;
			children = (
				83B4BFC62C65DF7C00AAFFC7 /* NoteUITests.swift */,
				83B4BFC82C65DF7C00AAFFC7 /* NoteUITestsLaunchTests.swift */,
			);
			path = NoteUITests;
			sourceTree = "<group>";
		};
		83B4BFDA2C65DFB400AAFFC7 /* SignIn */ = {
			isa = PBXGroup;
			children = (
				83B4BFD52C65DFB400AAFFC7 /* AuthViewModel.swift */,
				83B4BFD62C65DFB400AAFFC7 /* ButtonView.swift */,
				83B4BFD72C65DFB400AAFFC7 /* ForgotPasswordView.swift */,
				83B4BFD82C65DFB400AAFFC7 /* HolderView.swift */,
				83B4BFD92C65DFB400AAFFC7 /* SignUpView.swift */,
				83B4BFEC2C65E12100AAFFC7 /* GoogleService-Info.plist */,
			);
			path = SignIn;
			sourceTree = "<group>";
		};
		83B4BFF52C65E2FB00AAFFC7 /* NoteView */ = {
			isa = PBXGroup;
			children = (
				83B4BFE42C65E03B00AAFFC7 /* DetailView.swift */,
				83B4BFE02C65E03B00AAFFC7 /* EditView.swift */,
				83B4BFE32C65E03B00AAFFC7 /* FormView.swift */,
				83B4BFE12C65E03B00AAFFC7 /* Note.swift */,
				83B4BFE22C65E03B00AAFFC7 /* NoteViewModel.swift */,
			);
			name = NoteView;
			path = SignIn;
			sourceTree = "<group>";
		};
/* End PBXGroup section */

/* Begin PBXNativeTarget section */
		83B4BFA72C65DF7A00AAFFC7 /* Note */ = {
			isa = PBXNativeTarget;
			buildConfigurationList = 83B4BFCC2C65DF7C00AAFFC7 /* Build configuration list for PBXNativeTarget "Note" */;
			buildPhases = (
				83B4BFA42C65DF7A00AAFFC7 /* Sources */,
				83B4BFA52C65DF7A00AAFFC7 /* Frameworks */,
				83B4BFA62C65DF7A00AAFFC7 /* Resources */,
			);
			buildRules = (
			);
			dependencies = (
			);
			name = Note;
			packageProductDependencies = (
				83B4BFEF2C65E17900AAFFC7 /* FirebaseAuth */,
				83B4BFF12C65E17900AAFFC7 /* FirebaseFirestore */,
				83B4BFF32C65E17900AAFFC7 /* FirebaseStorage */,
			);
			productName = Note;
			productReference = 83B4BFA82C65DF7A00AAFFC7 /* Note.app */;
			productType = "com.apple.product-type.application";
		};
		83B4BFB72C65DF7C00AAFFC7 /* NoteTests */ = {
			isa = PBXNativeTarget;
			buildConfigurationList = 83B4BFCF2C65DF7C00AAFFC7 /* Build configuration list for PBXNativeTarget "NoteTests" */;
			buildPhases = (
				83B4BFB42C65DF7C00AAFFC7 /* Sources */,
				83B4BFB52C65DF7C00AAFFC7 /* Frameworks */,
				83B4BFB62C65DF7C00AAFFC7 /* Resources */,
			);
			buildRules = (
			);
			dependencies = (
				83B4BFBA2C65DF7C00AAFFC7 /* PBXTargetDependency */,
			);
			name = NoteTests;
			productName = NoteTests;
			productReference = 83B4BFB82C65DF7C00AAFFC7 /* NoteTests.xctest */;
			productType = "com.apple.product-type.bundle.unit-test";
		};
		83B4BFC12C65DF7C00AAFFC7 /* NoteUITests */ = {
			isa = PBXNativeTarget;
			buildConfigurationList = 83B4BFD22C65DF7C00AAFFC7 /* Build configuration list for PBXNativeTarget "NoteUITests" */;
			buildPhases = (
				83B4BFBE2C65DF7C00AAFFC7 /* Sources */,
				83B4BFBF2C65DF7C00AAFFC7 /* Frameworks */,
				83B4BFC02C65DF7C00AAFFC7 /* Resources */,
			);
			buildRules = (
			);
			dependencies = (
				83B4BFC42C65DF7C00AAFFC7 /* PBXTargetDependency */,
			);
			name = NoteUITests;
			productName = NoteUITests;
			productReference = 83B4BFC22C65DF7C00AAFFC7 /* NoteUITests.xctest */;
			productType = "com.apple.product-type.bundle.ui-testing";
		};
/* End PBXNativeTarget section */

/* Begin PBXProject section */
		83B4BFA02C65DF7A00AAFFC7 /* Project object */ = {
			isa = PBXProject;
			attributes = {
				BuildIndependentTargetsInParallel = 1;
				LastSwiftUpdateCheck = 1540;
				LastUpgradeCheck = 1540;
				TargetAttributes = {
					83B4BFA72C65DF7A00AAFFC7 = {
						CreatedOnToolsVersion = 15.4;
					};
					83B4BFB72C65DF7C00AAFFC7 = {
						CreatedOnToolsVersion = 15.4;
						TestTargetID = 83B4BFA72C65DF7A00AAFFC7;
					};
					83B4BFC12C65DF7C00AAFFC7 = {
						CreatedOnToolsVersion = 15.4;
						TestTargetID = 83B4BFA72C65DF7A00AAFFC7;
					};
				};
			};
			buildConfigurationList = 83B4BFA32C65DF7A00AAFFC7 /* Build configuration list for PBXProject "Note" */;
			compatibilityVersion = "Xcode 14.0";
			developmentRegion = en;
			hasScannedForEncodings = 0;
			knownRegions = (
				en,
				Base,
			);
			mainGroup = 83B4BF9F2C65DF7A00AAFFC7;
			packageReferences = (
				83B4BFEE2C65E17900AAFFC7 /* XCRemoteSwiftPackageReference "firebase-ios-sdk" */,
			);
			productRefGroup = 83B4BFA92C65DF7A00AAFFC7 /* Products */;
			projectDirPath = "";
			projectRoot = "";
			targets = (
				83B4BFA72C65DF7A00AAFFC7 /* Note */,
				83B4BFB72C65DF7C00AAFFC7 /* NoteTests */,
				83B4BFC12C65DF7C00AAFFC7 /* NoteUITests */,
			);
		};
/* End PBXProject section */

/* Begin PBXResourcesBuildPhase section */
		83B4BFA62C65DF7A00AAFFC7 /* Resources */ = {
			isa = PBXResourcesBuildPhase;
			buildActionMask = 2147483647;
			files = (
				83B4BFB32C65DF7C00AAFFC7 /* Preview Assets.xcassets in Resources */,
				83B4BFB02C65DF7C00AAFFC7 /* Assets.xcassets in Resources */,
				83B4BFED2C65E12100AAFFC7 /* GoogleService-Info.plist in Resources */,
			);
			runOnlyForDeploymentPostprocessing = 0;
		};
		83B4BFB62C65DF7C00AAFFC7 /* Resources */ = {
			isa = PBXResourcesBuildPhase;
			buildActionMask = 2147483647;
			files = (
			);
			runOnlyForDeploymentPostprocessing = 0;
		};
		83B4BFC02C65DF7C00AAFFC7 /* Resources */ = {
			isa = PBXResourcesBuildPhase;
			buildActionMask = 2147483647;
			files = (
			);
			runOnlyForDeploymentPostprocessing = 0;
		};
/* End PBXResourcesBuildPhase section */

/* Begin PBXSourcesBuildPhase section */
		83B4BFA42C65DF7A00AAFFC7 /* Sources */ = {
			isa = PBXSourcesBuildPhase;
			buildActionMask = 2147483647;
			files = (
				83B4BFDB2C65DFB400AAFFC7 /* AuthViewModel.swift in Sources */,
				83B4BFAC2C65DF7A00AAFFC7 /* NoteApp.swift in Sources */,
				83B4BFEB2C65E03B00AAFFC7 /* ContentView.swift in Sources */,
				83B4BFE92C65E03B00AAFFC7 /* FormView.swift in Sources */,
				83B4BFE82C65E03B00AAFFC7 /* NoteViewModel.swift in Sources */,
				83B4BFDE2C65DFB400AAFFC7 /* HolderView.swift in Sources */,
				83B4BFEA2C65E03B00AAFFC7 /* DetailView.swift in Sources */,
				83B4BFE72C65E03B00AAFFC7 /* Note.swift in Sources */,
				83B4BFDD2C65DFB400AAFFC7 /* ForgotPasswordView.swift in Sources */,
				83B4BFE62C65E03B00AAFFC7 /* EditView.swift in Sources */,
				83B4BFDF2C65DFB400AAFFC7 /* SignUpView.swift in Sources */,
				83B4BFDC2C65DFB400AAFFC7 /* ButtonView.swift in Sources */,
			);
			runOnlyForDeploymentPostprocessing = 0;
		};
		83B4BFB42C65DF7C00AAFFC7 /* Sources */ = {
			isa = PBXSourcesBuildPhase;
			buildActionMask = 2147483647;
			files = (
				83B4BFBD2C65DF7C00AAFFC7 /* NoteTests.swift in Sources */,
			);
			runOnlyForDeploymentPostprocessing = 0;
		};
		83B4BFBE2C65DF7C00AAFFC7 /* Sources */ = {
			isa = PBXSourcesBuildPhase;
			buildActionMask = 2147483647;
			files = (
				83B4BFC92C65DF7C00AAFFC7 /* NoteUITestsLaunchTests.swift in Sources */,
				83B4BFC72C65DF7C00AAFFC7 /* NoteUITests.swift in Sources */,
			);
			runOnlyForDeploymentPostprocessing = 0;
		};
/* End PBXSourcesBuildPhase section */

/* Begin PBXTargetDependency section */
		83B4BFBA2C65DF7C00AAFFC7 /* PBXTargetDependency */ = {
			isa = PBXTargetDependency;
			target = 83B4BFA72C65DF7A00AAFFC7 /* Note */;
			targetProxy = 83B4BFB92C65DF7C00AAFFC7 /* PBXContainerItemProxy */;
		};
		83B4BFC42C65DF7C00AAFFC7 /* PBXTargetDependency */ = {
			isa = PBXTargetDependency;
			target = 83B4BFA72C65DF7A00AAFFC7 /* Note */;
			targetProxy = 83B4BFC32C65DF7C00AAFFC7 /* PBXContainerItemProxy */;
		};
/* End PBXTargetDependency section */

/* Begin XCBuildConfiguration section */
		83B4BFCA2C65DF7C00AAFFC7 /* Debug */ = {
			isa = XCBuildConfiguration;
			buildSettings = {
				ALWAYS_SEARCH_USER_PATHS = NO;
				ASSETCATALOG_COMPILER_GENERATE_SWIFT_ASSET_SYMBOL_EXTENSIONS = YES;
				CLANG_ANALYZER_NONNULL = YES;
				CLANG_ANALYZER_NUMBER_OBJECT_CONVERSION = YES_AGGRESSIVE;
				CLANG_CXX_LANGUAGE_STANDARD = "gnu++20";
				CLANG_ENABLE_MODULES = YES;
				CLANG_ENABLE_OBJC_ARC = YES;
				CLANG_ENABLE_OBJC_WEAK = YES;
				CLANG_WARN_BLOCK_CAPTURE_AUTORELEASING = YES;
				CLANG_WARN_BOOL_CONVERSION = YES;
				CLANG_WARN_COMMA = YES;
				CLANG_WARN_CONSTANT_CONVERSION = YES;
				CLANG_WARN_DEPRECATED_OBJC_IMPLEMENTATIONS = YES;
				CLANG_WARN_DIRECT_OBJC_ISA_USAGE = YES_ERROR;
				CLANG_WARN_DOCUMENTATION_COMMENTS = YES;
				CLANG_WARN_EMPTY_BODY = YES;
				CLANG_WARN_ENUM_CONVERSION = YES;
				CLANG_WARN_INFINITE_RECURSION = YES;
				CLANG_WARN_INT_CONVERSION = YES;
				CLANG_WARN_NON_LITERAL_NULL_CONVERSION = YES;
				CLANG_WARN_OBJC_IMPLICIT_RETAIN_SELF = YES;
				CLANG_WARN_OBJC_LITERAL_CONVERSION = YES;
				CLANG_WARN_OBJC_ROOT_CLASS = YES_ERROR;
				CLANG_WARN_QUOTED_INCLUDE_IN_FRAMEWORK_HEADER = YES;
				CLANG_WARN_RANGE_LOOP_ANALYSIS = YES;
				CLANG_WARN_STRICT_PROTOTYPES = YES;
				CLANG_WARN_SUSPICIOUS_MOVE = YES;
				CLANG_WARN_UNGUARDED_AVAILABILITY = YES_AGGRESSIVE;
				CLANG_WARN_UNREACHABLE_CODE = YES;
				CLANG_WARN__DUPLICATE_METHOD_MATCH = YES;
				COPY_PHASE_STRIP = NO;
				DEBUG_INFORMATION_FORMAT = dwarf;
				ENABLE_STRICT_OBJC_MSGSEND = YES;
				ENABLE_TESTABILITY = YES;
				ENABLE_USER_SCRIPT_SANDBOXING = YES;
				GCC_C_LANGUAGE_STANDARD = gnu17;
				GCC_DYNAMIC_NO_PIC = NO;
				GCC_NO_COMMON_BLOCKS = YES;
				GCC_OPTIMIZATION_LEVEL = 0;
				GCC_PREPROCESSOR_DEFINITIONS = (
					"DEBUG=1",
					"$(inherited)",
				);
				GCC_WARN_64_TO_32_BIT_CONVERSION = YES;
				GCC_WARN_ABOUT_RETURN_TYPE = YES_ERROR;
				GCC_WARN_UNDECLARED_SELECTOR = YES;
				GCC_WARN_UNINITIALIZED_AUTOS = YES_AGGRESSIVE;
				GCC_WARN_UNUSED_FUNCTION = YES;
				GCC_WARN_UNUSED_VARIABLE = YES;
				IPHONEOS_DEPLOYMENT_TARGET = 17.5;
				LOCALIZATION_PREFERS_STRING_CATALOGS = YES;
				MTL_ENABLE_DEBUG_INFO = INCLUDE_SOURCE;
				MTL_FAST_MATH = YES;
				ONLY_ACTIVE_ARCH = YES;
				SDKROOT = iphoneos;
				SWIFT_ACTIVE_COMPILATION_CONDITIONS = "DEBUG $(inherited)";
				SWIFT_OPTIMIZATION_LEVEL = "-Onone";
			};
			name = Debug;
		};
		83B4BFCB2C65DF7C00AAFFC7 /* Release */ = {
			isa = XCBuildConfiguration;
			buildSettings = {
				ALWAYS_SEARCH_USER_PATHS = NO;
				ASSETCATALOG_COMPILER_GENERATE_SWIFT_ASSET_SYMBOL_EXTENSIONS = YES;
				CLANG_ANALYZER_NONNULL = YES;
				CLANG_ANALYZER_NUMBER_OBJECT_CONVERSION = YES_AGGRESSIVE;
				CLANG_CXX_LANGUAGE_STANDARD = "gnu++20";
				CLANG_ENABLE_MODULES = YES;
				CLANG_ENABLE_OBJC_ARC = YES;
				CLANG_ENABLE_OBJC_WEAK = YES;
				CLANG_WARN_BLOCK_CAPTURE_AUTORELEASING = YES;
				CLANG_WARN_BOOL_CONVERSION = YES;
				CLANG_WARN_COMMA = YES;
				CLANG_WARN_CONSTANT_CONVERSION = YES;
				CLANG_WARN_DEPRECATED_OBJC_IMPLEMENTATIONS = YES;
				CLANG_WARN_DIRECT_OBJC_ISA_USAGE = YES_ERROR;
				CLANG_WARN_DOCUMENTATION_COMMENTS = YES;
				CLANG_WARN_EMPTY_BODY = YES;
				CLANG_WARN_ENUM_CONVERSION = YES;
				CLANG_WARN_INFINITE_RECURSION = YES;
				CLANG_WARN_INT_CONVERSION = YES;
				CLANG_WARN_NON_LITERAL_NULL_CONVERSION = YES;
				CLANG_WARN_OBJC_IMPLICIT_RETAIN_SELF = YES;
				CLANG_WARN_OBJC_LITERAL_CONVERSION = YES;
				CLANG_WARN_OBJC_ROOT_CLASS = YES_ERROR;
				CLANG_WARN_QUOTED_INCLUDE_IN_FRAMEWORK_HEADER = YES;
				CLANG_WARN_RANGE_LOOP_ANALYSIS = YES;
				CLANG_WARN_STRICT_PROTOTYPES = YES;
				CLANG_WARN_SUSPICIOUS_MOVE = YES;
				CLANG_WARN_UNGUARDED_AVAILABILITY = YES_AGGRESSIVE;
				CLANG_WARN_UNREACHABLE_CODE = YES;
				CLANG_WARN__DUPLICATE_METHOD_MATCH = YES;
				COPY_PHASE_STRIP = NO;
				DEBUG_INFORMATION_FORMAT = "dwarf-with-dsym";
				ENABLE_NS_ASSERTIONS = NO;
				ENABLE_STRICT_OBJC_MSGSEND = YES;
				ENABLE_USER_SCRIPT_SANDBOXING = YES;
				GCC_C_LANGUAGE_STANDARD = gnu17;
				GCC_NO_COMMON_BLOCKS = YES;
				GCC_WARN_64_TO_32_BIT_CONVERSION = YES;
				GCC_WARN_ABOUT_RETURN_TYPE = YES_ERROR;
				GCC_WARN_UNDECLARED_SELECTOR = YES;
				GCC_WARN_UNINITIALIZED_AUTOS = YES_AGGRESSIVE;
				GCC_WARN_UNUSED_FUNCTION = YES;
				GCC_WARN_UNUSED_VARIABLE = YES;
				IPHONEOS_DEPLOYMENT_TARGET = 17.5;
				LOCALIZATION_PREFERS_STRING_CATALOGS = YES;
				MTL_ENABLE_DEBUG_INFO = NO;
				MTL_FAST_MATH = YES;
				SDKROOT = iphoneos;
				SWIFT_COMPILATION_MODE = wholemodule;
				VALIDATE_PRODUCT = YES;
			};
			name = Release;
		};
		83B4BFCD2C65DF7C00AAFFC7 /* Debug */ = {
			isa = XCBuildConfiguration;
			buildSettings = {
				ASSETCATALOG_COMPILER_APPICON_NAME = AppIcon;
				ASSETCATALOG_COMPILER_GLOBAL_ACCENT_COLOR_NAME = AccentColor;
				ASSETCATALOG_COMPILER_INCLUDE_ALL_APPICON_ASSETS = NO;
				CODE_SIGN_STYLE = Automatic;
				CURRENT_PROJECT_VERSION = 1;
				DEVELOPMENT_ASSET_PATHS = "\"Note/Preview Content\"";
				ENABLE_PREVIEWS = YES;
				GENERATE_INFOPLIST_FILE = YES;
				INFOPLIST_FILE = Note/Info.plist;
				INFOPLIST_KEY_UIApplicationSceneManifest_Generation = YES;
				INFOPLIST_KEY_UIApplicationSupportsIndirectInputEvents = YES;
				INFOPLIST_KEY_UISupportedInterfaceOrientations_iPad = "UIInterfaceOrientationPortrait UIInterfaceOrientationPortraitUpsideDown UIInterfaceOrientationLandscapeLeft UIInterfaceOrientationLandscapeRight";
				INFOPLIST_KEY_UISupportedInterfaceOrientations_iPhone = "UIInterfaceOrientationPortrait UIInterfaceOrientationLandscapeLeft UIInterfaceOrientationLandscapeRight";
				LD_RUNPATH_SEARCH_PATHS = (
					"$(inherited)",
					"@executable_path/Frameworks",
				);
				MARKETING_VERSION = 1.0;
				PRODUCT_BUNDLE_IDENTIFIER = no.Note;
				PRODUCT_NAME = "$(TARGET_NAME)";
				SWIFT_EMIT_LOC_STRINGS = YES;
				SWIFT_VERSION = 5.0;
				TARGETED_DEVICE_FAMILY = "1,2";
			};
			name = Debug;
		};
		83B4BFCE2C65DF7C00AAFFC7 /* Release */ = {
			isa = XCBuildConfiguration;
			buildSettings = {
				ASSETCATALOG_COMPILER_APPICON_NAME = AppIcon;
				ASSETCATALOG_COMPILER_GLOBAL_ACCENT_COLOR_NAME = AccentColor;
				ASSETCATALOG_COMPILER_INCLUDE_ALL_APPICON_ASSETS = NO;
				CODE_SIGN_STYLE = Automatic;
				CURRENT_PROJECT_VERSION = 1;
				DEVELOPMENT_ASSET_PATHS = "\"Note/Preview Content\"";
				ENABLE_PREVIEWS = YES;
				GENERATE_INFOPLIST_FILE = YES;
				INFOPLIST_FILE = Note/Info.plist;
				INFOPLIST_KEY_UIApplicationSceneManifest_Generation = YES;
				INFOPLIST_KEY_UIApplicationSupportsIndirectInputEvents = YES;
				INFOPLIST_KEY_UISupportedInterfaceOrientations_iPad = "UIInterfaceOrientationPortrait UIInterfaceOrientationPortraitUpsideDown UIInterfaceOrientationLandscapeLeft UIInterfaceOrientationLandscapeRight";
				INFOPLIST_KEY_UISupportedInterfaceOrientations_iPhone = "UIInterfaceOrientationPortrait UIInterfaceOrientationLandscapeLeft UIInterfaceOrientationLandscapeRight";
				LD_RUNPATH_SEARCH_PATHS = (
					"$(inherited)",
					"@executable_path/Frameworks",
				);
				MARKETING_VERSION = 1.0;
				PRODUCT_BUNDLE_IDENTIFIER = no.Note;
				PRODUCT_NAME = "$(TARGET_NAME)";
				SWIFT_EMIT_LOC_STRINGS = YES;
				SWIFT_VERSION = 5.0;
				TARGETED_DEVICE_FAMILY = "1,2";
			};
			name = Release;
		};
		83B4BFD02C65DF7C00AAFFC7 /* Debug */ = {
			isa = XCBuildConfiguration;
			buildSettings = {
				ALWAYS_EMBED_SWIFT_STANDARD_LIBRARIES = YES;
				BUNDLE_LOADER = "$(TEST_HOST)";
				CODE_SIGN_STYLE = Automatic;
				CURRENT_PROJECT_VERSION = 1;
				GENERATE_INFOPLIST_FILE = YES;
				IPHONEOS_DEPLOYMENT_TARGET = 17.5;
				MARKETING_VERSION = 1.0;
				PRODUCT_BUNDLE_IDENTIFIER = no.NoteTests;
				PRODUCT_NAME = "$(TARGET_NAME)";
				SWIFT_EMIT_LOC_STRINGS = NO;
				SWIFT_VERSION = 5.0;
				TARGETED_DEVICE_FAMILY = "1,2";
				TEST_HOST = "$(BUILT_PRODUCTS_DIR)/Note.app/$(BUNDLE_EXECUTABLE_FOLDER_PATH)/Note";
			};
			name = Debug;
		};
		83B4BFD12C65DF7C00AAFFC7 /* Release */ = {
			isa = XCBuildConfiguration;
			buildSettings = {
				ALWAYS_EMBED_SWIFT_STANDARD_LIBRARIES = YES;
				BUNDLE_LOADER = "$(TEST_HOST)";
				CODE_SIGN_STYLE = Automatic;
				CURRENT_PROJECT_VERSION = 1;
				GENERATE_INFOPLIST_FILE = YES;
				IPHONEOS_DEPLOYMENT_TARGET = 17.5;
				MARKETING_VERSION = 1.0;
				PRODUCT_BUNDLE_IDENTIFIER = no.NoteTests;
				PRODUCT_NAME = "$(TARGET_NAME)";
				SWIFT_EMIT_LOC_STRINGS = NO;
				SWIFT_VERSION = 5.0;
				TARGETED_DEVICE_FAMILY = "1,2";
				TEST_HOST = "$(BUILT_PRODUCTS_DIR)/Note.app/$(BUNDLE_EXECUTABLE_FOLDER_PATH)/Note";
			};
			name = Release;
		};
		83B4BFD32C65DF7C00AAFFC7 /* Debug */ = {
			isa = XCBuildConfiguration;
			buildSettings = {
				ALWAYS_EMBED_SWIFT_STANDARD_LIBRARIES = YES;
				CODE_SIGN_STYLE = Automatic;
				CURRENT_PROJECT_VERSION = 1;
				GENERATE_INFOPLIST_FILE = YES;
				MARKETING_VERSION = 1.0;
				PRODUCT_BUNDLE_IDENTIFIER = no.NoteUITests;
				PRODUCT_NAME = "$(TARGET_NAME)";
				SWIFT_EMIT_LOC_STRINGS = NO;
				SWIFT_VERSION = 5.0;
				TARGETED_DEVICE_FAMILY = "1,2";
				TEST_TARGET_NAME = Note;
			};
			name = Debug;
		};
		83B4BFD42C65DF7C00AAFFC7 /* Release */ = {
			isa = XCBuildConfiguration;
			buildSettings = {
				ALWAYS_EMBED_SWIFT_STANDARD_LIBRARIES = YES;
				CODE_SIGN_STYLE = Automatic;
				CURRENT_PROJECT_VERSION = 1;
				GENERATE_INFOPLIST_FILE = YES;
				MARKETING_VERSION = 1.0;
				PRODUCT_BUNDLE_IDENTIFIER = no.NoteUITests;
				PRODUCT_NAME = "$(TARGET_NAME)";
				SWIFT_EMIT_LOC_STRINGS = NO;
				SWIFT_VERSION = 5.0;
				TARGETED_DEVICE_FAMILY = "1,2";
				TEST_TARGET_NAME = Note;
			};
			name = Release;
		};
/* End XCBuildConfiguration section */

/* Begin XCConfigurationList section */
		83B4BFA32C65DF7A00AAFFC7 /* Build configuration list for PBXProject "Note" */ = {
			isa = XCConfigurationList;
			buildConfigurations = (
				83B4BFCA2C65DF7C00AAFFC7 /* Debug */,
				83B4BFCB2C65DF7C00AAFFC7 /* Release */,
			);
			defaultConfigurationIsVisible = 0;
			defaultConfigurationName = Release;
		};
		83B4BFCC2C65DF7C00AAFFC7 /* Build configuration list for PBXNativeTarget "Note" */ = {
			isa = XCConfigurationList;
			buildConfigurations = (
				83B4BFCD2C65DF7C00AAFFC7 /* Debug */,
				83B4BFCE2C65DF7C00AAFFC7 /* Release */,
			);
			defaultConfigurationIsVisible = 0;
			defaultConfigurationName = Release;
		};
		83B4BFCF2C65DF7C00AAFFC7 /* Build configuration list for PBXNativeTarget "NoteTests" */ = {
			isa = XCConfigurationList;
			buildConfigurations = (
				83B4BFD02C65DF7C00AAFFC7 /* Debug */,
				83B4BFD12C65DF7C00AAFFC7 /* Release */,
			);
			defaultConfigurationIsVisible = 0;
			defaultConfigurationName = Release;
		};
		83B4BFD22C65DF7C00AAFFC7 /* Build configuration list for PBXNativeTarget "NoteUITests" */ = {
			isa = XCConfigurationList;
			buildConfigurations = (
				83B4BFD32C65DF7C00AAFFC7 /* Debug */,
				83B4BFD42C65DF7C00AAFFC7 /* Release */,
			);
			defaultConfigurationIsVisible = 0;
			defaultConfigurationName = Release;
		};
/* End XCConfigurationList section */

/* Begin XCRemoteSwiftPackageReference section */
		83B4BFEE2C65E17900AAFFC7 /* XCRemoteSwiftPackageReference "firebase-ios-sdk" */ = {
			isa = XCRemoteSwiftPackageReference;
			repositoryURL = "https://github.com/firebase/firebase-ios-sdk";
			requirement = {
				kind = upToNextMajorVersion;
				minimumVersion = 11.0.0;
			};
		};
/* End XCRemoteSwiftPackageReference section */

/* Begin XCSwiftPackageProductDependency section */
		83B4BFEF2C65E17900AAFFC7 /* FirebaseAuth */ = {
			isa = XCSwiftPackageProductDependency;
			package = 83B4BFEE2C65E17900AAFFC7 /* XCRemoteSwiftPackageReference "firebase-ios-sdk" */;
			productName = FirebaseAuth;
		};
		83B4BFF12C65E17900AAFFC7 /* FirebaseFirestore */ = {
			isa = XCSwiftPackageProductDependency;
			package = 83B4BFEE2C65E17900AAFFC7 /* XCRemoteSwiftPackageReference "firebase-ios-sdk" */;
			productName = FirebaseFirestore;
		};
		83B4BFF32C65E17900AAFFC7 /* FirebaseStorage */ = {
			isa = XCSwiftPackageProductDependency;
			package = 83B4BFEE2C65E17900AAFFC7 /* XCRemoteSwiftPackageReference "firebase-ios-sdk" */;
			productName = FirebaseStorage;
		};
/* End XCSwiftPackageProductDependency section */
	};
	rootObject = 83B4BFA02C65DF7A00AAFFC7 /* Project object */;
}
